
Microsoft Visual Studio Solution File, Format Version 12.00
# Visual Studio Version 16
VisualStudioVersion = 16.0.29102.190
MinimumVisualStudioVersion = 10.0.40219.1
Project("{2150E333-8FDC-42A3-9474-1A3956D46DE8}") = "Logger", "Logger", "{45689C44-A086-41EE-B5B3-58EBFABD252E}"
EndProject
Project("{9A19103F-16F7-4668-BE54-9A1E7A4F7556}") = "Inw.Logger", "Logging\Inw.Logger\Inw.Logger.csproj", "{835B8CDD-44C6-4613-8088-F4F09C5B166E}"
EndProject
Project("{2150E333-8FDC-42A3-9474-1A3956D46DE8}") = "TestSolution", "TestSolution", "{9BB61241-9EFA-459F-8015-C9B8D3999EC1}"
EndProject
Project("{FAE04EC0-301F-11D3-BF4B-00C04F79EFBC}") = "ArgumentExtractionCore", "ArgumentExtractionCore\ArgumentExtractionCore.csproj", "{C633E6DC-6BA9-4744-980B-1BAA29C47A36}"
EndProject
Project("{FAE04EC0-301F-11D3-BF4B-00C04F79EFBC}") = "ArgumentExtractionCoreTests", "ArgumentExtractionCoreTests\ArgumentExtractionCoreTests.csproj", "{425474E9-CC15-4854-BD88-C07836F2F694}"
EndProject
Project("{FAE04EC0-301F-11D3-BF4B-00C04F79EFBC}") = "TestDataCore", "TestSolution\TestDataCore\TestDataCore.csproj", "{EC88A029-8D72-4749-A07B-2B45B9972B2C}"
EndProject
Project("{FAE04EC0-301F-11D3-BF4B-00C04F79EFBC}") = "CoreCli", "CoreCli\CoreCli.csproj", "{1D55889D-CFB7-4C19-B50A-B7627D004DB0}"
EndProject
Project("{FAE04EC0-301F-11D3-BF4B-00C04F79EFBC}") = "MSBuildLocatorCore", "MSBuildLocatorCore\MSBuildLocatorCore.csproj", "{5F51DF5C-C1E1-479B-961C-8643CF01A09B}"
EndProject
Project("{FAE04EC0-301F-11D3-BF4B-00C04F79EFBC}") = "MSBuildLocator", "MSBuildLocator\MSBuildLocator.csproj", "{4E937051-FDB3-4554-8C7D-A47F7BF60733}"
EndProject
Project("{2150E333-8FDC-42A3-9474-1A3956D46DE8}") = "CLI", "CLI", "{DBB72A82-1BF5-4FBF-97E0-70CD1746E041}"
EndProject
Project("{2150E333-8FDC-42A3-9474-1A3956D46DE8}") = "Tests", "Tests", "{69FE8584-9A5E-4B86-8BC3-BE5DB62475D8}"
EndProject
Project("{FAE04EC0-301F-11D3-BF4B-00C04F79EFBC}") = "FrameworkCli", "FrameworkCli\FrameworkCli.csproj", "{99BFFA1A-3D6D-4F54-A882-6F33E731CF9E}"
EndProject
Global
	GlobalSection(SolutionConfigurationPlatforms) = preSolution
		Debug|Any CPU = Debug|Any CPU
		Release|Any CPU = Release|Any CPU
	EndGlobalSection
	GlobalSection(ProjectConfigurationPlatforms) = postSolution
		{835B8CDD-44C6-4613-8088-F4F09C5B166E}.Debug|Any CPU.ActiveCfg = Debug|Any CPU
		{835B8CDD-44C6-4613-8088-F4F09C5B166E}.Debug|Any CPU.Build.0 = Debug|Any CPU
		{835B8CDD-44C6-4613-8088-F4F09C5B166E}.Release|Any CPU.ActiveCfg = Release|Any CPU
		{835B8CDD-44C6-4613-8088-F4F09C5B166E}.Release|Any CPU.Build.0 = Release|Any CPU
		{C633E6DC-6BA9-4744-980B-1BAA29C47A36}.Debug|Any CPU.ActiveCfg = Debug|Any CPU
		{C633E6DC-6BA9-4744-980B-1BAA29C47A36}.Debug|Any CPU.Build.0 = Debug|Any CPU
		{C633E6DC-6BA9-4744-980B-1BAA29C47A36}.Release|Any CPU.ActiveCfg = Release|Any CPU
		{C633E6DC-6BA9-4744-980B-1BAA29C47A36}.Release|Any CPU.Build.0 = Release|Any CPU
		{425474E9-CC15-4854-BD88-C07836F2F694}.Debug|Any CPU.ActiveCfg = Debug|Any CPU
		{425474E9-CC15-4854-BD88-C07836F2F694}.Debug|Any CPU.Build.0 = Debug|Any CPU
		{425474E9-CC15-4854-BD88-C07836F2F694}.Release|Any CPU.ActiveCfg = Release|Any CPU
		{425474E9-CC15-4854-BD88-C07836F2F694}.Release|Any CPU.Build.0 = Release|Any CPU
		{EC88A029-8D72-4749-A07B-2B45B9972B2C}.Debug|Any CPU.ActiveCfg = Debug|Any CPU
		{EC88A029-8D72-4749-A07B-2B45B9972B2C}.Debug|Any CPU.Build.0 = Debug|Any CPU
		{EC88A029-8D72-4749-A07B-2B45B9972B2C}.Release|Any CPU.ActiveCfg = Release|Any CPU
		{EC88A029-8D72-4749-A07B-2B45B9972B2C}.Release|Any CPU.Build.0 = Release|Any CPU
		{1D55889D-CFB7-4C19-B50A-B7627D004DB0}.Debug|Any CPU.ActiveCfg = Debug|Any CPU
		{1D55889D-CFB7-4C19-B50A-B7627D004DB0}.Debug|Any CPU.Build.0 = Debug|Any CPU
		{1D55889D-CFB7-4C19-B50A-B7627D004DB0}.Release|Any CPU.ActiveCfg = Release|Any CPU
		{1D55889D-CFB7-4C19-B50A-B7627D004DB0}.Release|Any CPU.Build.0 = Release|Any CPU
		{5F51DF5C-C1E1-479B-961C-8643CF01A09B}.Debug|Any CPU.ActiveCfg = Debug|Any CPU
		{5F51DF5C-C1E1-479B-961C-8643CF01A09B}.Debug|Any CPU.Build.0 = Debug|Any CPU
		{5F51DF5C-C1E1-479B-961C-8643CF01A09B}.Release|Any CPU.ActiveCfg = Release|Any CPU
		{5F51DF5C-C1E1-479B-961C-8643CF01A09B}.Release|Any CPU.Build.0 = Release|Any CPU
		{4E937051-FDB3-4554-8C7D-A47F7BF60733}.Debug|Any CPU.ActiveCfg = Debug|Any CPU
		{4E937051-FDB3-4554-8C7D-A47F7BF60733}.Debug|Any CPU.Build.0 = Debug|Any CPU
		{4E937051-FDB3-4554-8C7D-A47F7BF60733}.Release|Any CPU.ActiveCfg = Release|Any CPU
		{4E937051-FDB3-4554-8C7D-A47F7BF60733}.Release|Any CPU.Build.0 = Release|Any CPU
		{99BFFA1A-3D6D-4F54-A882-6F33E731CF9E}.Debug|Any CPU.ActiveCfg = Debug|Any CPU
		{99BFFA1A-3D6D-4F54-A882-6F33E731CF9E}.Debug|Any CPU.Build.0 = Debug|Any CPU
		{99BFFA1A-3D6D-4F54-A882-6F33E731CF9E}.Release|Any CPU.ActiveCfg = Release|Any CPU
		{99BFFA1A-3D6D-4F54-A882-6F33E731CF9E}.Release|Any CPU.Build.0 = Release|Any CPU
	EndGlobalSection
	GlobalSection(SolutionProperties) = preSolution
		HideSolutionNode = FALSE
	EndGlobalSection
	GlobalSection(NestedProjects) = preSolution
		{835B8CDD-44C6-4613-8088-F4F09C5B166E} = {45689C44-A086-41EE-B5B3-58EBFABD252E}
		{EC88A029-8D72-4749-A07B-2B45B9972B2C} = {9BB61241-9EFA-459F-8015-C9B8D3999EC1}
		{1D55889D-CFB7-4C19-B50A-B7627D004DB0} = {DBB72A82-1BF5-4FBF-97E0-70CD1746E041}
		{9BB61241-9EFA-459F-8015-C9B8D3999EC1} = {69FE8584-9A5E-4B86-8BC3-BE5DB62475D8}
		{425474E9-CC15-4854-BD88-C07836F2F694} = {69FE8584-9A5E-4B86-8BC3-BE5DB62475D8}
		{99BFFA1A-3D6D-4F54-A882-6F33E731CF9E} = {DBB72A82-1BF5-4FBF-97E0-70CD1746E041}
	EndGlobalSection
	GlobalSection(ExtensibilityGlobals) = postSolution
		SolutionGuid = {BE211602-4CBB-4D22-AB26-3C992052691C}
	EndGlobalSection
EndGlobal
