
Microsoft Visual Studio Solution File, Format Version 12.00
# Visual Studio Version 16
VisualStudioVersion = 16.0.29102.190
MinimumVisualStudioVersion = 10.0.40219.1
Project("{9A19103F-16F7-4668-BE54-9A1E7A4F7556}") = "ArgumentExtraction", "SymbolFinder\ArgumentExtraction.csproj", "{DF62227F-5FA3-4DB3-9726-CA68D4A5DE2C}"
EndProject
Project("{2150E333-8FDC-42A3-9474-1A3956D46DE8}") = "Logger", "Logger", "{45689C44-A086-41EE-B5B3-58EBFABD252E}"
EndProject
Project("{9A19103F-16F7-4668-BE54-9A1E7A4F7556}") = "Logging._Api", "Logging\Logging._Api\Logging._Api.csproj", "{835B8CDD-44C6-4613-8088-F4F09C5B166E}"
EndProject
Project("{9A19103F-16F7-4668-BE54-9A1E7A4F7556}") = "Logging._Impl", "Logging\Logging._Impl\Logging._Impl.csproj", "{0ED3D732-A23E-4A1C-97BF-443A81DE7422}"
EndProject
Project("{2150E333-8FDC-42A3-9474-1A3956D46DE8}") = "TestSolution", "TestSolution", "{9BB61241-9EFA-459F-8015-C9B8D3999EC1}"
EndProject
Project("{FAE04EC0-301F-11D3-BF4B-00C04F79EFBC}") = "TestData", "TestSolution\TestData\TestData.csproj", "{AFAF46C9-32F7-481A-BB07-8F0437EE524D}"
EndProject
Project("{FAE04EC0-301F-11D3-BF4B-00C04F79EFBC}") = "ArgumentExtractionTests", "ArgumentExtractionTests\ArgumentExtractionTests.csproj", "{E78FA8CC-0A77-4401-8AEF-E5CD4241F03A}"
EndProject
Global
	GlobalSection(SolutionConfigurationPlatforms) = preSolution
		Debug|Any CPU = Debug|Any CPU
		Release|Any CPU = Release|Any CPU
	EndGlobalSection
	GlobalSection(ProjectConfigurationPlatforms) = postSolution
		{DF62227F-5FA3-4DB3-9726-CA68D4A5DE2C}.Debug|Any CPU.ActiveCfg = Debug|Any CPU
		{DF62227F-5FA3-4DB3-9726-CA68D4A5DE2C}.Debug|Any CPU.Build.0 = Debug|Any CPU
		{DF62227F-5FA3-4DB3-9726-CA68D4A5DE2C}.Release|Any CPU.ActiveCfg = Release|Any CPU
		{DF62227F-5FA3-4DB3-9726-CA68D4A5DE2C}.Release|Any CPU.Build.0 = Release|Any CPU
		{835B8CDD-44C6-4613-8088-F4F09C5B166E}.Debug|Any CPU.ActiveCfg = Debug|Any CPU
		{835B8CDD-44C6-4613-8088-F4F09C5B166E}.Debug|Any CPU.Build.0 = Debug|Any CPU
		{835B8CDD-44C6-4613-8088-F4F09C5B166E}.Release|Any CPU.ActiveCfg = Release|Any CPU
		{835B8CDD-44C6-4613-8088-F4F09C5B166E}.Release|Any CPU.Build.0 = Release|Any CPU
		{0ED3D732-A23E-4A1C-97BF-443A81DE7422}.Debug|Any CPU.ActiveCfg = Debug|Any CPU
		{0ED3D732-A23E-4A1C-97BF-443A81DE7422}.Debug|Any CPU.Build.0 = Debug|Any CPU
		{0ED3D732-A23E-4A1C-97BF-443A81DE7422}.Release|Any CPU.ActiveCfg = Release|Any CPU
		{0ED3D732-A23E-4A1C-97BF-443A81DE7422}.Release|Any CPU.Build.0 = Release|Any CPU
		{AFAF46C9-32F7-481A-BB07-8F0437EE524D}.Debug|Any CPU.ActiveCfg = Debug|Any CPU
		{AFAF46C9-32F7-481A-BB07-8F0437EE524D}.Debug|Any CPU.Build.0 = Debug|Any CPU
		{AFAF46C9-32F7-481A-BB07-8F0437EE524D}.Release|Any CPU.ActiveCfg = Release|Any CPU
		{AFAF46C9-32F7-481A-BB07-8F0437EE524D}.Release|Any CPU.Build.0 = Release|Any CPU
		{E78FA8CC-0A77-4401-8AEF-E5CD4241F03A}.Debug|Any CPU.ActiveCfg = Debug|Any CPU
		{E78FA8CC-0A77-4401-8AEF-E5CD4241F03A}.Debug|Any CPU.Build.0 = Debug|Any CPU
		{E78FA8CC-0A77-4401-8AEF-E5CD4241F03A}.Release|Any CPU.ActiveCfg = Release|Any CPU
		{E78FA8CC-0A77-4401-8AEF-E5CD4241F03A}.Release|Any CPU.Build.0 = Release|Any CPU
	EndGlobalSection
	GlobalSection(SolutionProperties) = preSolution
		HideSolutionNode = FALSE
	EndGlobalSection
	GlobalSection(NestedProjects) = preSolution
		{835B8CDD-44C6-4613-8088-F4F09C5B166E} = {45689C44-A086-41EE-B5B3-58EBFABD252E}
		{0ED3D732-A23E-4A1C-97BF-443A81DE7422} = {45689C44-A086-41EE-B5B3-58EBFABD252E}
		{AFAF46C9-32F7-481A-BB07-8F0437EE524D} = {9BB61241-9EFA-459F-8015-C9B8D3999EC1}
	EndGlobalSection
	GlobalSection(ExtensibilityGlobals) = postSolution
		SolutionGuid = {BE211602-4CBB-4D22-AB26-3C992052691C}
	EndGlobalSection
EndGlobal
