
Microsoft Visual Studio Solution File, Format Version 12.00
# Visual Studio Version 16
VisualStudioVersion = 16.0.29102.190
MinimumVisualStudioVersion = 10.0.40219.1
Project("{FAE04EC0-301F-11D3-BF4B-00C04F79EFBC}") = "TestData", "TestData\TestData.csproj", "{AFAF46C9-32F7-481A-BB07-8F0437EE524D}"
EndProject
Global
	GlobalSection(SolutionConfigurationPlatforms) = preSolution
		Debug|Any CPU = Debug|Any CPU
		Release|Any CPU = Release|Any CPU
	EndGlobalSection
	GlobalSection(ProjectConfigurationPlatforms) = postSolution
		{AFAF46C9-32F7-481A-BB07-8F0437EE524D}.Debug|Any CPU.ActiveCfg = Debug|Any CPU
		{AFAF46C9-32F7-481A-BB07-8F0437EE524D}.Debug|Any CPU.Build.0 = Debug|Any CPU
		{AFAF46C9-32F7-481A-BB07-8F0437EE524D}.Release|Any CPU.ActiveCfg = Release|Any CPU
		{AFAF46C9-32F7-481A-BB07-8F0437EE524D}.Release|Any CPU.Build.0 = Release|Any CPU
	EndGlobalSection
	GlobalSection(SolutionProperties) = preSolution
		HideSolutionNode = FALSE
	EndGlobalSection
	GlobalSection(ExtensibilityGlobals) = postSolution
		SolutionGuid = {42E56B9C-040F-4AD6-B010-2265E47CD6C0}
	EndGlobalSection
EndGlobal
